<?xml version="1.0" encoding="utf-8"?>
<Project ToolsVersion="4.0" xmlns="http://schemas.microsoft.com/developer/msbuild/2003">
  <ItemGroup>
    <Filter Include="Inc">
      <UniqueIdentifier>{e281ac7b-d611-4a62-9f2b-9d8e7e7e3b2f}</UniqueIdentifier>
    </Filter>
    <Filter Include="Src">
      <UniqueIdentifier>{502cda92-013c-43c7-af7f-898da6a9c9ef}</UniqueIdentifier>
    </Filter>
    <Filter Include="ORUtils">
      <UniqueIdentifier>{8e8210dd-6313-4707-af18-1e508e905f47}</UniqueIdentifier>
    </Filter>
    <Filter Include="Uitls">
      <UniqueIdentifier>{8f3eea0c-a4a4-496c-90bf-b9cd03926394}</UniqueIdentifier>
    </Filter>
    <Filter Include="Engines">
      <UniqueIdentifier>{f909bb87-6570-4794-ad6c-b7a211d87059}</UniqueIdentifier>
    </Filter>
    <Filter Include="Objects">
      <UniqueIdentifier>{b67d9a6b-467b-4be8-8daf-3281fc26a600}</UniqueIdentifier>
    </Filter>
  </ItemGroup>
  <ItemGroup>
    <ClInclude Include="cudaDefines.h">
      <Filter>Inc</Filter>
    </ClInclude>
    <ClInclude Include="cudaImgTrans.h">
      <Filter>Inc</Filter>
    </ClInclude>
    <ClInclude Include="cudaSegSLIC.h">
      <Filter>Inc</Filter>
    </ClInclude>
    <ClInclude Include="cudaSegEngine.h">
      <Filter>Inc</Filter>
    </ClInclude>
    <ClInclude Include="cudaUtil.h">
      <Filter>Inc</Filter>
    </ClInclude>
    <ClInclude Include="ORUtils\CUDADefines.h">
      <Filter>ORUtils</Filter>
    </ClInclude>
    <ClInclude Include="ORUtils\Image.h">
      <Filter>ORUtils</Filter>
    </ClInclude>
    <ClInclude Include="ORUtils\LexicalCast.h">
      <Filter>ORUtils</Filter>
    </ClInclude>
    <ClInclude Include="ORUtils\MathUtils.h">
      <Filter>ORUtils</Filter>
    </ClInclude>
    <ClInclude Include="ORUtils\Matrix.h">
      <Filter>ORUtils</Filter>
    </ClInclude>
    <ClInclude Include="ORUtils\MemoryBlock.h">
      <Filter>ORUtils</Filter>
    </ClInclude>
    <ClInclude Include="ORUtils\MemoryBlockPersister.h">
      <Filter>ORUtils</Filter>
    </ClInclude>
    <ClInclude Include="ORUtils\PlatformIndependence.h">
      <Filter>ORUtils</Filter>
    </ClInclude>
    <ClInclude Include="ORUtils\Vector.h">
      <Filter>ORUtils</Filter>
    </ClInclude>
    <ClInclude Include="gSLIC_defines.h">
      <Filter>Uitls</Filter>
    </ClInclude>
    <ClInclude Include="gSLIC_io_tools.h">
      <Filter>Uitls</Filter>
    </ClInclude>
    <ClInclude Include="NVTimer.h">
      <Filter>Uitls</Filter>
    </ClInclude>
    <ClInclude Include="Engines\gSLIC_seg_engine.h">
      <Filter>Engines</Filter>
    </ClInclude>
    <ClInclude Include="Objects\gSLIC_settings.h">
      <Filter>Objects</Filter>
    </ClInclude>
    <ClInclude Include="objects\gSLIC_spixel_info.h">
      <Filter>Objects</Filter>
    </ClInclude>
    <ClInclude Include="engines\gSLIC_core_engine.h">
      <Filter>Engines</Filter>
    </ClInclude>
    <ClInclude Include="engines\gSLIC_seg_engine_GPU.h">
      <Filter>Engines</Filter>
    </ClInclude>
    <ClInclude Include="engines\gSLIC_seg_engine_shared.h">
      <Filter>Engines</Filter>
    </ClInclude>
  </ItemGroup>
  <ItemGroup>
    <ClCompile Include="main.cpp">
      <Filter>Src</Filter>
    </ClCompile>
    <ClCompile Include="Engines\gSLIC_seg_engine.cpp">
      <Filter>Engines</Filter>
    </ClCompile>
  </ItemGroup>
  <ItemGroup>
    <CudaCompile Include="cudaSegEngine.cu">
      <Filter>Src</Filter>
    </CudaCompile>
    <CudaCompile Include="cudaSegSLIC.cu">
      <Filter>Src</Filter>
    </CudaCompile>
    <CudaCompile Include="cudaImgTrans.cu">
      <Filter>Src</Filter>
    </CudaCompile>
    <CudaCompile Include="cudaUtil.cu">
      <Filter>Src</Filter>
    </CudaCompile>
    <CudaCompile Include="engines\gSLIC_seg_engine_GPU.cu">
      <Filter>Engines</Filter>
    </CudaCompile>
  </ItemGroup>
</Project>